{
  "version": 4,
  "terraform_version": "0.13.3",
  "serial": 3,
  "lineage": "a38872d1-3bdf-6d73-285f-2060d40a0cec",
  "outputs": {},
  "resources": [
    {
      "mode": "data",
      "type": "nsxt_policy_tier1_gateway",
      "name": "t1router",
      "provider": "provider[\"registry.terraform.io/vmware/nsxt\"]",
      "instances": [
        {
          "schema_version": 0,
          "attributes": {
            "description": "",
            "display_name": "T1-ROUTER",
            "edge_cluster_path": "/infra/sites/default/enforcement-points/default/edge-clusters/30814462-d86a-4105-ba74-65ad72e525f5",
            "id": "T1-ROUTER",
            "path": "/infra/tier-1s/T1-ROUTER"
          }
        }
      ]
    },
    {
      "mode": "data",
      "type": "nsxt_policy_transport_zone",
      "name": "overlayzone",
      "provider": "provider[\"registry.terraform.io/vmware/nsxt\"]",
      "instances": [
        {
          "schema_version": 0,
          "attributes": {
            "description": "",
            "display_name": "nsx-overlay-transportzone",
            "id": "1b3a2f36-bfd1-443e-a0f6-4de01abc963e",
            "is_default": true,
            "path": "/infra/sites/default/enforcement-points/default/transport-zones/1b3a2f36-bfd1-443e-a0f6-4de01abc963e",
            "site_path": null,
            "transport_type": "OVERLAY_STANDARD"
          }
        }
      ]
    },
    {
      "mode": "managed",
      "type": "nsxt_policy_segment",
      "name": "segment1",
      "provider": "provider[\"registry.terraform.io/vmware/nsxt\"]",
      "instances": [
        {
          "schema_version": 0,
          "attributes": {
            "advanced_config": [],
            "connectivity_path": "/infra/tier-1s/T1-ROUTER",
            "description": "Terraform provisioned Segment",
            "dhcp_config_path": "",
            "discovery_profile": [],
            "display_name": "segment1",
            "domain_name": "",
            "id": "ab705af6-c25f-46a7-bf0e-547d84e83380",
            "l2_extension": [],
            "nsx_id": "ab705af6-c25f-46a7-bf0e-547d84e83380",
            "overlay_id": 0,
            "path": "/infra/segments/ab705af6-c25f-46a7-bf0e-547d84e83380",
            "qos_profile": [],
            "revision": 0,
            "security_profile": [],
            "subnet": [
              {
                "cidr": "12.12.2.1/24",
                "dhcp_ranges": null,
                "dhcp_v4_config": [],
                "dhcp_v6_config": [],
                "network": "12.12.2.0/24"
              }
            ],
            "tag": [],
            "transport_zone_path": "/infra/sites/default/enforcement-points/default/transport-zones/1b3a2f36-bfd1-443e-a0f6-4de01abc963e",
            "vlan_ids": null
          },
          "private": "bnVsbA==",
          "dependencies": [
            "data.nsxt_policy_tier1_gateway.t1router",
            "data.nsxt_policy_transport_zone.overlayzone"
          ]
        }
      ]
    }
  ]
}
