{
  "version": 4,
  "terraform_version": "0.14.10",
  "serial": 17,
  "lineage": "4dfb2a46-e7a9-d768-0e51-7f6c76ee6907",
  "outputs": {},
  "resources": [
    {
      "mode": "data",
      "type": "vra_catalog_item",
      "name": "this",
      "provider": "provider[\"registry.terraform.io/vmware/vra\"]",
      "instances": [
        {
          "schema_version": 0,
          "attributes": {
            "created_at": null,
            "created_by": "bgadmin",
            "description": "",
            "expand_projects": null,
            "expand_versions": null,
            "id": "7466836e-7da6-37a0-9fc3-badc248304d2",
            "last_updated_at": null,
            "last_updated_by": "tooladmin",
            "name": "CentOS Server",
            "project_ids": [
              "f867eb5d-8328-440f-ad44-bc837037f3bf"
            ],
            "projects": [],
            "schema": "{\"type\":\"object\"}",
            "source_id": "",
            "source_name": "",
            "type": [
              {
                "description": "",
                "id": "com.vmw.blueprint",
                "name": "VMware Cloud Templates",
                "version": ""
              }
            ],
            "versions": []
          },
          "sensitive_attributes": []
        }
      ]
    },
    {
      "mode": "data",
      "type": "vra_project",
      "name": "this",
      "provider": "provider[\"registry.terraform.io/vmware/vra\"]",
      "instances": [
        {
          "schema_version": 0,
          "attributes": {
            "administrator_roles": [
              {
                "email": "configurationadmin",
                "type": "user"
              },
              {
                "email": "tooladmin",
                "type": "user"
              },
              {
                "email": "vRA Users@System Domain",
                "type": "group"
              }
            ],
            "administrators": [],
            "constraints": [],
            "custom_properties": {
              "allowednetworks": "network:default, network:infoblox02, network:devnet02",
              "tfrepid": "83a56d24-4874-4d08-b088-9c286f28e8bf"
            },
            "description": "Default IT-Services Project",
            "id": "f867eb5d-8328-440f-ad44-bc837037f3bf",
            "machine_naming_template": "VRA8-IT-${###}",
            "member_roles": [
              {
                "email": "holger@datev.de",
                "type": "user"
              },
              {
                "email": "tooluser",
                "type": "user"
              }
            ],
            "members": [],
            "name": "IT-Services",
            "operation_timeout": 0,
            "shared_resources": true,
            "viewer_roles": [],
            "viewers": [],
            "zone_assignments": [
              {
                "cpu_limit": 0,
                "max_instances": 0,
                "memory_limit_mb": 0,
                "priority": 0,
                "storage_limit_gb": 0,
                "zone_id": "ffef2e3f-cd74-435f-8fa9-943c03159585"
              },
              {
                "cpu_limit": 0,
                "max_instances": 0,
                "memory_limit_mb": 0,
                "priority": 2,
                "storage_limit_gb": 0,
                "zone_id": "1168c56e-8e72-4dbf-9222-7f0154aa445c"
              },
              {
                "cpu_limit": 0,
                "max_instances": 0,
                "memory_limit_mb": 0,
                "priority": 1,
                "storage_limit_gb": 0,
                "zone_id": "72244d19-646c-4d9e-b77f-09601128ffe8"
              },
              {
                "cpu_limit": 0,
                "max_instances": 0,
                "memory_limit_mb": 0,
                "priority": 3,
                "storage_limit_gb": 0,
                "zone_id": "e5fbf081-da24-4747-93ab-7108e24b1b52"
              }
            ]
          },
          "sensitive_attributes": []
        }
      ]
    },
    {
      "mode": "managed",
      "type": "vra_deployment",
      "name": "this",
      "provider": "provider[\"registry.terraform.io/vmware/vra\"]",
      "instances": [
        {
          "schema_version": 0,
          "attributes": {
            "blueprint_content": null,
            "blueprint_id": "a96c08e9-baf6-4317-82a0-79418edbffb6",
            "blueprint_version": "10",
            "catalog_item_id": "7466836e-7da6-37a0-9fc3-badc248304d2",
            "catalog_item_version": "10",
            "created_at": null,
            "created_by": "tooladmin",
            "description": "terraform test deployment",
            "expand_last_request": null,
            "expand_project": null,
            "expand_resources": null,
            "expense": [],
            "id": "94474a1a-6fc4-419a-8a75-96d09893d7e4",
            "inputs": null,
            "inputs_including_defaults": {},
            "last_request": [
              {
                "action_id": "",
                "approved_at": "0001-01-01T00:00:00.000Z",
                "blueprint_id": "a96c08e9-baf6-4317-82a0-79418edbffb6:10",
                "cancelable": false,
                "catalog_item_id": "7466836e-7da6-37a0-9fc3-badc248304d2:10",
                "completed_at": "0001-01-01T00:00:00.000Z",
                "completed_tasks": 7,
                "created_at": "2021-07-06T14:58:40.714Z",
                "details": "",
                "dismissed": false,
                "id": "cc4f6b77-8844-4c23-91a9-95957ba067df",
                "initialized_at": "0001-01-01T00:00:00.000Z",
                "inputs": {},
                "name": "Create",
                "outputs": {},
                "requested_by": "tooladmin",
                "resource_name": "",
                "status": "SUCCESSFUL",
                "total_tasks": 7,
                "updated_at": "2021-07-06T15:01:16.779Z"
              }
            ],
            "last_updated_at": null,
            "last_updated_by": "tooladmin",
            "lease_expire_at": null,
            "name": "tf01",
            "org_id": "66b0f9aa-a720-43e6-aa6b-484976fe356c",
            "owner": "tooladmin",
            "project": [],
            "project_id": "f867eb5d-8328-440f-ad44-bc837037f3bf",
            "resources": [
              {
                "created_at": "2021-07-06T14:59:06.132Z",
                "depends_on": [
                  "Cloud_vSphere_Network_1"
                ],
                "description": "",
                "expense": [],
                "id": "877e2075-8ea5-440b-8ecf-884319711d33",
                "name": "CentOS-VM-01",
                "properties_json": "{\"CreateFileInGuest\":\"true\",\"account\":\"vc02.space.local\",\"address\":\"172.16.0.63\",\"allowednetworks\":\"network:default, network:infoblox02, network:devnet02\",\"componentType\":\"Cloud.vSphere.Machine\",\"computeHostRef\":\"ClusterComputeResource:domain-c64\",\"computeHostType\":\"ClusterComputeResource\",\"coreCount\":\"1\",\"cpuCount\":1,\"datastoreName\":\"QNAP-SSD-02-2TB\",\"endpointId\":\"e357dbe7-7ada-4070-a8b3-432cce6b9fa9\",\"endpointType\":\"vsphere\",\"id\":\"/resources/compute/877e2075-8ea5-440b-8ecf-884319711d33\",\"image\":\"CentOS7\",\"imageId\":\"TEMP-CentOS7\",\"instanceUUID\":\"500564f2-8449-46f8-1e12-07f43d0e6c30\",\"name\":\"CentOS-VM-01\",\"networks\":[{\"address\":\"172.16.0.63\",\"assignment\":\"dynamic\",\"deviceIndex\":0,\"id\":\"/resources/network-interfaces/c6220ed6-dab4-4d13-80ff-5ae6a86aab9d\",\"ipv6Addresses\":[\"2a02:6d40:3ce1:1200:b5d4:7f5d:b9f9:e8f7\",\"fe80::e894:9dd8:4db1:8192\"],\"mac_address\":\"00:50:56:85:37:3f\",\"name\":\"VM Network DVS\",\"network\":\"/provisioning/resources/compute-networks/335a30ca-e308-4a9f-87f1-8be596a9e06b\",\"resourceName\":\"VM Network DVS\"}],\"osType\":\"LINUX\",\"powerState\":\"ON\",\"primaryMAC\":\"00:50:56:85:37:3f\",\"project\":\"f867eb5d-8328-440f-ad44-bc837037f3bf\",\"providerId\":\"500564f2-8449-46f8-1e12-07f43d0e6c30\",\"region\":\"SPACE-DC\",\"resourceDescLink\":\"/resources/compute-descriptions/82ee2a1a-d827-433f-be94-7db0e545812b\",\"resourceId\":\"877e2075-8ea5-440b-8ecf-884319711d33\",\"resourceLink\":\"/resources/compute/877e2075-8ea5-440b-8ecf-884319711d33\",\"resourceName\":\"VRA8-IT-959\",\"resourcePool\":\"/resources/pools/c779352c8cc20875-7f703c5265a63d87\",\"softwareName\":\"CentOS 7 (64-bit)\",\"storage\":{\"disks\":[{\"bootOrder\":1,\"capacityGb\":50,\"controllerKey\":\"1000\",\"controllerUnitNumber\":\"0\",\"diskPlacementRef\":\"Datastore:datastore-7830\",\"encrypted\":false,\"independent\":\"false\",\"name\":\"VRA8-IT-959-boot-disk\",\"persistent\":false,\"provisioningType\":\"thin\",\"type\":\"HDD\",\"vcUuid\":\"aad92d17-8b5e-4d2d-b21a-f80f1f3b1450\",\"vm\":\"VirtualMachine:vm-11962\"},{\"capacityGb\":0,\"controllerKey\":\"15000\",\"controllerUnitNumber\":\"0\",\"encrypted\":false,\"name\":\"CD/DVD drive 1\",\"persistent\":false,\"type\":\"CDROM\"}]},\"tfrepid\":\"83a56d24-4874-4d08-b088-9c286f28e8bf\",\"totalMemoryMB\":1024,\"vcUuid\":\"aad92d17-8b5e-4d2d-b21a-f80f1f3b1450\",\"zone\":\"Cluster-01\",\"zone_overlapping_migrated\":\"true\"}",
                "state": "OK",
                "sync_status": "",
                "type": "Cloud.vSphere.Machine"
              },
              {
                "created_at": "2021-07-06T14:58:44.795Z",
                "depends_on": [],
                "description": "",
                "expense": [],
                "id": "335a30ca-e308-4a9f-87f1-8be596a9e06b",
                "name": "Cloud_vSphere_Network_1",
                "properties_json": "{\"account\":\"vc02.space.local\",\"allowednetworks\":\"network:default, network:infoblox02, network:devnet02\",\"dns\":[\"172.16.10.10\"],\"dnsSearchDomains\":[\"space.local\"],\"domain\":\"space.local\",\"endpointId\":\"e357dbe7-7ada-4070-a8b3-432cce6b9fa9\",\"endpointType\":\"vsphere\",\"gateway\":\"172.16.0.254\",\"id\":\"/provisioning/resources/compute-networks/335a30ca-e308-4a9f-87f1-8be596a9e06b\",\"name\":\"Cloud_vSphere_Network_1\",\"netmask\":\"255.255.0.0\",\"networkCidr\":\"172.16.0.0/16\",\"networkType\":\"existing\",\"prefixLength\":\"16\",\"providerId\":\"b32d88e5-5ee9-4e1e-a8f5-3a1d413e3424\",\"resourceDescLink\":\"/provisioning/resources/compute-network-descriptions/7bdf9694-41ac-46a8-96d8-b1423a91d2f6\",\"resourceId\":\"335a30ca-e308-4a9f-87f1-8be596a9e06b\",\"resourceLink\":\"/provisioning/resources/compute-networks/335a30ca-e308-4a9f-87f1-8be596a9e06b\",\"resourceName\":\"VM Network DVS\",\"tfrepid\":\"83a56d24-4874-4d08-b088-9c286f28e8bf\"}",
                "state": "OK",
                "sync_status": "",
                "type": "Cloud.vSphere.Network"
              }
            ],
            "status": "CREATE_SUCCESSFUL",
            "timeouts": {
              "create": "30m",
              "delete": "30m",
              "update": "30m"
            }
          },
          "sensitive_attributes": [],
          "private": "eyJlMmJmYjczMC1lY2FhLTExZTYtOGY4OC0zNDM2M2JjN2M0YzAiOnsiY3JlYXRlIjoxODAwMDAwMDAwMDAwLCJkZWxldGUiOjE4MDAwMDAwMDAwMDAsInVwZGF0ZSI6MTgwMDAwMDAwMDAwMH19",
          "dependencies": [
            "data.vra_catalog_item.this",
            "data.vra_project.this"
          ]
        }
      ]
    }
  ]
}
