{
  "version": 4,
  "terraform_version": "0.13.3",
  "serial": 5,
  "lineage": "4dfb2a46-e7a9-d768-0e51-7f6c76ee6907",
  "outputs": {},
  "resources": [
    {
      "mode": "data",
      "type": "vra_catalog_item",
      "name": "this",
      "provider": "provider[\"registry.terraform.io/vmware/vra\"]",
      "instances": [
        {
          "schema_version": 0,
          "attributes": {
            "created_at": null,
            "created_by": "bgadmin",
            "description": "",
            "expand_projects": null,
            "expand_versions": null,
            "id": "7466836e-7da6-37a0-9fc3-badc248304d2",
            "last_updated_at": null,
            "last_updated_by": "system-user",
            "name": "CentOS Server",
            "project_ids": [
              "f867eb5d-8328-440f-ad44-bc837037f3bf"
            ],
            "projects": [],
            "schema": "{\"type\":\"object\"}",
            "source_id": "",
            "source_name": "",
            "type": [
              {
                "id": "com.vmw.blueprint",
                "link": "/catalog/api/types/com.vmw.blueprint",
                "name": "Cloud Assembly Blueprint"
              }
            ],
            "versions": []
          }
        }
      ]
    },
    {
      "mode": "data",
      "type": "vra_project",
      "name": "this",
      "provider": "provider[\"registry.terraform.io/vmware/vra\"]",
      "instances": [
        {
          "schema_version": 0,
          "attributes": {
            "administrators": [
              "configurationadmin"
            ],
            "constraints": [],
            "description": "",
            "id": "f867eb5d-8328-440f-ad44-bc837037f3bf",
            "machine_naming_template": "VRA8-IT-${###}",
            "members": [
              "bgadmin",
              "vra8user"
            ],
            "name": "IT-Services",
            "operation_timeout": 0,
            "shared_resources": true,
            "viewers": [],
            "zone_assignments": [
              {
                "cpu_limit": 0,
                "max_instances": 0,
                "memory_limit_mb": 0,
                "priority": 0,
                "storage_limit_gb": 0,
                "zone_id": "cab1c152-851a-40ce-b5cc-4ac6935eeb30"
              },
              {
                "cpu_limit": 0,
                "max_instances": 0,
                "memory_limit_mb": 0,
                "priority": 1,
                "storage_limit_gb": 0,
                "zone_id": "56a8ab8967c60c75596c307a18019"
              },
              {
                "cpu_limit": 0,
                "max_instances": 0,
                "memory_limit_mb": 0,
                "priority": 2,
                "storage_limit_gb": 0,
                "zone_id": "56a8ab8967c60c75596c30cd30390"
              }
            ]
          }
        }
      ]
    },
    {
      "mode": "managed",
      "type": "vra_deployment",
      "name": "this",
      "provider": "provider[\"registry.terraform.io/vmware/vra\"]",
      "instances": [
        {
          "schema_version": 0,
          "attributes": {
            "blueprint_content": null,
            "blueprint_id": "a96c08e9-baf6-4317-82a0-79418edbffb6",
            "blueprint_version": "9",
            "catalog_item_id": "7466836e-7da6-37a0-9fc3-badc248304d2",
            "catalog_item_version": "9",
            "created_at": null,
            "created_by": "bgadmin",
            "description": "terraform test deployment",
            "expand_last_request": null,
            "expand_project": null,
            "expand_resources": null,
            "expense": [],
            "id": "8195b057-d9d8-4f37-a346-adfb47eec5fb",
            "inputs": null,
            "inputs_including_defaults": {},
            "last_request": [
              {
                "action_id": "",
                "approved_at": "0001-01-01T00:00:00.000Z",
                "blueprint_id": "a96c08e9-baf6-4317-82a0-79418edbffb6:9",
                "cancelable": true,
                "catalog_item_id": "",
                "completed_at": "0001-01-01T00:00:00.000Z",
                "completed_tasks": 5,
                "created_at": "2020-09-30T15:24:44.507Z",
                "deployment_id": "8195b057-d9d8-4f37-a346-adfb47eec5fb",
                "details": "",
                "dismissed": false,
                "id": "ca0816ac-ccfc-426c-ad0e-75495099e807",
                "initialized_at": "0001-01-01T00:00:00.000Z",
                "inputs": {},
                "name": "Create",
                "parent_id": "",
                "requested_by": "bgadmin",
                "resource_name": "",
                "resource_type": "",
                "status": "SUCCESSFUL",
                "total_tasks": 5,
                "updated_at": "2020-09-30T15:24:44.507Z"
              }
            ],
            "last_updated_at": null,
            "last_updated_by": "tango-blueprint-bgDn7esTTiucKPUm",
            "lease_expire_at": null,
            "name": "myresource",
            "project": [],
            "project_id": "f867eb5d-8328-440f-ad44-bc837037f3bf",
            "resources": [
              {
                "created_at": "2020-09-30T15:25:06.103Z",
                "depends_on": [],
                "description": "",
                "expense": [],
                "id": "2e009b95-d055-43cc-8603-dc45e73d6008",
                "name": "CentOS-VM-01",
                "properties_json": "{\"CreateFileInGuest\":\"true\",\"MyProperty\":\"MyValue\",\"account\":\"VC02\",\"address\":\"172.20.20.230\",\"allowednetworks\":\"network:default, network:developer, network:infoblox\",\"componentType\":\"Cloud.vSphere.Machine\",\"computeHostRef\":\"ClusterComputeResource:domain-c64\",\"computeHostType\":\"ClusterComputeResource\",\"cpuCount\":1,\"datastoreName\":\"QNAP-SSD-01\",\"endpointId\":\"ea7262c3-27f1-4d37-a7cb-db99ca7c083a\",\"endpointType\":\"vsphere\",\"id\":\"/resources/compute/2e009b95-d055-43cc-8603-dc45e73d6008\",\"imageRef\":\"TEMP-CentOS7-02/snap09\",\"name\":\"CentOS-VM-01\",\"networks\":[{\"address\":\"172.20.20.230\",\"assignment\":\"dynamic\",\"deviceIndex\":0,\"external_id\":\"5748ce21-1642-44d6-a214-5cb8ecd82ade\",\"ipv6Addresses\":[\"fe80::250:56ff:fe85:25cc\"],\"mac_address\":\"00:50:56:85:25:cc\",\"name\":\"DEVNET02\",\"resourceName\":\"DEVNET02\"}],\"osType\":\"LINUX\",\"powerState\":\"ON\",\"primaryMAC\":\"00:50:56:85:25:cc\",\"provisionGB\":\"50\",\"region\":\"SPACE-DC\",\"resourceDescLink\":\"/resources/compute-descriptions/469e5502-330b-40e0-a5f0-4d49d376a88a\",\"resourceId\":\"2e009b95-d055-43cc-8603-dc45e73d6008\",\"resourceLink\":\"/resources/compute/2e009b95-d055-43cc-8603-dc45e73d6008\",\"resourceName\":\"VRA8-IT-912\",\"resourcePool\":\"/resources/pools/c779352c8cc20875-7f703c5265a63d87\",\"softwareName\":\"CentOS 7 (64-bit)\",\"storage\":{\"disks\":[{\"bootOrder\":1,\"capacityGb\":50,\"diskPlacementRef\":\"Datastore:datastore-1314\",\"encrypted\":false,\"independent\":\"false\",\"name\":\"boot-disk\",\"persistent\":false,\"provisionGB\":\"50\",\"provisioningType\":\"thin\",\"type\":\"HDD\",\"vcUuid\":\"aad92d17-8b5e-4d2d-b21a-f80f1f3b1450\",\"vm\":\"VirtualMachine:vm-2595\"},{\"capacityGb\":0,\"encrypted\":false,\"name\":\"CD/DVD drive 1\",\"persistent\":false,\"type\":\"CDROM\"}]},\"totalMemoryMB\":1024,\"vcUuid\":\"aad92d17-8b5e-4d2d-b21a-f80f1f3b1450\",\"zone\":\"Cluster-01\"}",
                "state": "OK",
                "sync_status": "",
                "type": "Cloud.vSphere.Machine"
              }
            ],
            "status": "CREATE_SUCCESSFUL",
            "timeouts": {
              "create": "30m",
              "delete": "30m",
              "update": "30m"
            }
          },
          "private": "eyJlMmJmYjczMC1lY2FhLTExZTYtOGY4OC0zNDM2M2JjN2M0YzAiOnsiY3JlYXRlIjoxODAwMDAwMDAwMDAwLCJkZWxldGUiOjE4MDAwMDAwMDAwMDAsInVwZGF0ZSI6MTgwMDAwMDAwMDAwMH19",
          "dependencies": [
            "data.vra_catalog_item.this",
            "data.vra_project.this"
          ]
        }
      ]
    }
  ]
}
